
Microsoft Visual Studio Solution File, Format Version 12.00
# Visual Studio Version 16
VisualStudioVersion = 16.0.30114.105
MinimumVisualStudioVersion = 10.0.40219.1
Project("{9A19103F-16F7-4668-BE54-9A1E7A4F7556}") = "IconPacksValueConverterSample", "IconPacksValueConverterSample\IconPacksValueConverterSample.csproj", "{29A292BB-9F07-45AD-9137-45E2BCE82CF5}"
EndProject
Project("{2150E333-8FDC-42A3-9474-1A3956D46DE8}") = "Solution Items", "Solution Items", "{8032BB86-F1AF-4716-939A-691B01D69B00}"
	ProjectSection(SolutionItems) = preProject
		Directory.Build.props = Directory.Build.props
		Directory.Packages.props = Directory.Packages.props
	EndProjectSection
EndProject
Project("{FAE04EC0-301F-11D3-BF4B-00C04F79EFBC}") = "ListViewSample", "ListViewSwitchItemsPanel\ListViewSample.csproj", "{868C932E-EAC7-423B-BDFC-FAAFD4DEFA40}"
EndProject
Project("{FAE04EC0-301F-11D3-BF4B-00C04F79EFBC}") = "MahAppsMetroDataGridSample", "MahAppsMetroDataGridSample\MahAppsMetroDataGridSample.csproj", "{F8421ABE-21A3-4724-AD4F-91D03BB44A80}"
EndProject
Project("{FAE04EC0-301F-11D3-BF4B-00C04F79EFBC}") = "MahAppsMetroFullScreen", "MahAppsMetroFullScreen\MahAppsMetroFullScreen.csproj", "{41B584D6-0CBD-4ACD-B82E-871E38A17E6B}"
EndProject
Global
	GlobalSection(SolutionConfigurationPlatforms) = preSolution
		Debug|Any CPU = Debug|Any CPU
		Debug|x64 = Debug|x64
		Debug|x86 = Debug|x86
		Release|Any CPU = Release|Any CPU
		Release|x64 = Release|x64
		Release|x86 = Release|x86
	EndGlobalSection
	GlobalSection(ProjectConfigurationPlatforms) = postSolution
		{29A292BB-9F07-45AD-9137-45E2BCE82CF5}.Debug|Any CPU.ActiveCfg = Debug|Any CPU
		{29A292BB-9F07-45AD-9137-45E2BCE82CF5}.Debug|Any CPU.Build.0 = Debug|Any CPU
		{29A292BB-9F07-45AD-9137-45E2BCE82CF5}.Debug|x64.ActiveCfg = Debug|Any CPU
		{29A292BB-9F07-45AD-9137-45E2BCE82CF5}.Debug|x64.Build.0 = Debug|Any CPU
		{29A292BB-9F07-45AD-9137-45E2BCE82CF5}.Debug|x86.ActiveCfg = Debug|Any CPU
		{29A292BB-9F07-45AD-9137-45E2BCE82CF5}.Debug|x86.Build.0 = Debug|Any CPU
		{29A292BB-9F07-45AD-9137-45E2BCE82CF5}.Release|Any CPU.ActiveCfg = Release|Any CPU
		{29A292BB-9F07-45AD-9137-45E2BCE82CF5}.Release|Any CPU.Build.0 = Release|Any CPU
		{29A292BB-9F07-45AD-9137-45E2BCE82CF5}.Release|x64.ActiveCfg = Release|Any CPU
		{29A292BB-9F07-45AD-9137-45E2BCE82CF5}.Release|x64.Build.0 = Release|Any CPU
		{29A292BB-9F07-45AD-9137-45E2BCE82CF5}.Release|x86.ActiveCfg = Release|Any CPU
		{29A292BB-9F07-45AD-9137-45E2BCE82CF5}.Release|x86.Build.0 = Release|Any CPU
		{868C932E-EAC7-423B-BDFC-FAAFD4DEFA40}.Debug|Any CPU.ActiveCfg = Debug|Any CPU
		{868C932E-EAC7-423B-BDFC-FAAFD4DEFA40}.Debug|Any CPU.Build.0 = Debug|Any CPU
		{868C932E-EAC7-423B-BDFC-FAAFD4DEFA40}.Debug|x64.ActiveCfg = Debug|Any CPU
		{868C932E-EAC7-423B-BDFC-FAAFD4DEFA40}.Debug|x64.Build.0 = Debug|Any CPU
		{868C932E-EAC7-423B-BDFC-FAAFD4DEFA40}.Debug|x86.ActiveCfg = Debug|Any CPU
		{868C932E-EAC7-423B-BDFC-FAAFD4DEFA40}.Debug|x86.Build.0 = Debug|Any CPU
		{868C932E-EAC7-423B-BDFC-FAAFD4DEFA40}.Release|Any CPU.ActiveCfg = Release|Any CPU
		{868C932E-EAC7-423B-BDFC-FAAFD4DEFA40}.Release|Any CPU.Build.0 = Release|Any CPU
		{868C932E-EAC7-423B-BDFC-FAAFD4DEFA40}.Release|x64.ActiveCfg = Release|Any CPU
		{868C932E-EAC7-423B-BDFC-FAAFD4DEFA40}.Release|x64.Build.0 = Release|Any CPU
		{868C932E-EAC7-423B-BDFC-FAAFD4DEFA40}.Release|x86.ActiveCfg = Release|Any CPU
		{868C932E-EAC7-423B-BDFC-FAAFD4DEFA40}.Release|x86.Build.0 = Release|Any CPU
		{F8421ABE-21A3-4724-AD4F-91D03BB44A80}.Debug|Any CPU.ActiveCfg = Debug|Any CPU
		{F8421ABE-21A3-4724-AD4F-91D03BB44A80}.Debug|Any CPU.Build.0 = Debug|Any CPU
		{F8421ABE-21A3-4724-AD4F-91D03BB44A80}.Debug|x64.ActiveCfg = Debug|Any CPU
		{F8421ABE-21A3-4724-AD4F-91D03BB44A80}.Debug|x64.Build.0 = Debug|Any CPU
		{F8421ABE-21A3-4724-AD4F-91D03BB44A80}.Debug|x86.ActiveCfg = Debug|Any CPU
		{F8421ABE-21A3-4724-AD4F-91D03BB44A80}.Debug|x86.Build.0 = Debug|Any CPU
		{F8421ABE-21A3-4724-AD4F-91D03BB44A80}.Release|Any CPU.ActiveCfg = Release|Any CPU
		{F8421ABE-21A3-4724-AD4F-91D03BB44A80}.Release|Any CPU.Build.0 = Release|Any CPU
		{F8421ABE-21A3-4724-AD4F-91D03BB44A80}.Release|x64.ActiveCfg = Release|Any CPU
		{F8421ABE-21A3-4724-AD4F-91D03BB44A80}.Release|x64.Build.0 = Release|Any CPU
		{F8421ABE-21A3-4724-AD4F-91D03BB44A80}.Release|x86.ActiveCfg = Release|Any CPU
		{F8421ABE-21A3-4724-AD4F-91D03BB44A80}.Release|x86.Build.0 = Release|Any CPU
		{41B584D6-0CBD-4ACD-B82E-871E38A17E6B}.Debug|Any CPU.ActiveCfg = Debug|Any CPU
		{41B584D6-0CBD-4ACD-B82E-871E38A17E6B}.Debug|Any CPU.Build.0 = Debug|Any CPU
		{41B584D6-0CBD-4ACD-B82E-871E38A17E6B}.Debug|x64.ActiveCfg = Debug|Any CPU
		{41B584D6-0CBD-4ACD-B82E-871E38A17E6B}.Debug|x64.Build.0 = Debug|Any CPU
		{41B584D6-0CBD-4ACD-B82E-871E38A17E6B}.Debug|x86.ActiveCfg = Debug|Any CPU
		{41B584D6-0CBD-4ACD-B82E-871E38A17E6B}.Debug|x86.Build.0 = Debug|Any CPU
		{41B584D6-0CBD-4ACD-B82E-871E38A17E6B}.Release|Any CPU.ActiveCfg = Release|Any CPU
		{41B584D6-0CBD-4ACD-B82E-871E38A17E6B}.Release|Any CPU.Build.0 = Release|Any CPU
		{41B584D6-0CBD-4ACD-B82E-871E38A17E6B}.Release|x64.ActiveCfg = Release|Any CPU
		{41B584D6-0CBD-4ACD-B82E-871E38A17E6B}.Release|x64.Build.0 = Release|Any CPU
		{41B584D6-0CBD-4ACD-B82E-871E38A17E6B}.Release|x86.ActiveCfg = Release|Any CPU
		{41B584D6-0CBD-4ACD-B82E-871E38A17E6B}.Release|x86.Build.0 = Release|Any CPU
	EndGlobalSection
	GlobalSection(SolutionProperties) = preSolution
		HideSolutionNode = FALSE
	EndGlobalSection
	GlobalSection(ExtensibilityGlobals) = postSolution
		SolutionGuid = {0BB42A30-F3A1-4197-9BF3-AB54CCBC2D40}
	EndGlobalSection
EndGlobal
