
Microsoft Visual Studio Solution File, Format Version 12.00
# Visual Studio 14
VisualStudioVersion = 14.0.25420.1
MinimumVisualStudioVersion = 10.0.40219.1
Project("{FAE04EC0-301F-11D3-BF4B-00C04F79EFBC}") = "HamburgerMenuApp", "HamburgerMenuApp\HamburgerMenuApp.csproj", "{602794E0-41BA-44BF-AFFD-8ABBD1550B50}"
EndProject
Project("{FAE04EC0-301F-11D3-BF4B-00C04F79EFBC}") = "HamburgerMenuApp.Core", "HamburgerMenuApp.Core\HamburgerMenuApp.Core.csproj", "{2BC585CD-E270-4762-974D-0B824BB41255}"
EndProject
Project("{FAE04EC0-301F-11D3-BF4B-00C04F79EFBC}") = "HamburgerMenuApp.V2", "HamburgerMenuApp.V2\HamburgerMenuApp.V2.csproj", "{9EA15A47-DAC9-4D89-AFDA-B7962952969A}"
EndProject
Project("{FAE04EC0-301F-11D3-BF4B-00C04F79EFBC}") = "HamburgerMenuApp.V3", "HamburgerMenuApp.V3\HamburgerMenuApp.V3.csproj", "{CDDC6A53-3649-47E0-A507-8CE97A0AB676}"
EndProject
Project("{FAE04EC0-301F-11D3-BF4B-00C04F79EFBC}") = "HamburgerMenuApp.V4", "HamburgerMenuApp.V4\HamburgerMenuApp.V4.csproj", "{59F8D458-EA8F-4745-9B0C-6B33587C3E71}"
EndProject
Global
	GlobalSection(SolutionConfigurationPlatforms) = preSolution
		Debug|Any CPU = Debug|Any CPU
		Release|Any CPU = Release|Any CPU
	EndGlobalSection
	GlobalSection(ProjectConfigurationPlatforms) = postSolution
		{602794E0-41BA-44BF-AFFD-8ABBD1550B50}.Debug|Any CPU.ActiveCfg = Debug|Any CPU
		{602794E0-41BA-44BF-AFFD-8ABBD1550B50}.Debug|Any CPU.Build.0 = Debug|Any CPU
		{602794E0-41BA-44BF-AFFD-8ABBD1550B50}.Release|Any CPU.ActiveCfg = Release|Any CPU
		{602794E0-41BA-44BF-AFFD-8ABBD1550B50}.Release|Any CPU.Build.0 = Release|Any CPU
		{2BC585CD-E270-4762-974D-0B824BB41255}.Debug|Any CPU.ActiveCfg = Debug|Any CPU
		{2BC585CD-E270-4762-974D-0B824BB41255}.Debug|Any CPU.Build.0 = Debug|Any CPU
		{2BC585CD-E270-4762-974D-0B824BB41255}.Release|Any CPU.ActiveCfg = Release|Any CPU
		{2BC585CD-E270-4762-974D-0B824BB41255}.Release|Any CPU.Build.0 = Release|Any CPU
		{9EA15A47-DAC9-4D89-AFDA-B7962952969A}.Debug|Any CPU.ActiveCfg = Debug|Any CPU
		{9EA15A47-DAC9-4D89-AFDA-B7962952969A}.Debug|Any CPU.Build.0 = Debug|Any CPU
		{9EA15A47-DAC9-4D89-AFDA-B7962952969A}.Release|Any CPU.ActiveCfg = Release|Any CPU
		{9EA15A47-DAC9-4D89-AFDA-B7962952969A}.Release|Any CPU.Build.0 = Release|Any CPU
		{CDDC6A53-3649-47E0-A507-8CE97A0AB676}.Debug|Any CPU.ActiveCfg = Debug|Any CPU
		{CDDC6A53-3649-47E0-A507-8CE97A0AB676}.Debug|Any CPU.Build.0 = Debug|Any CPU
		{CDDC6A53-3649-47E0-A507-8CE97A0AB676}.Release|Any CPU.ActiveCfg = Release|Any CPU
		{CDDC6A53-3649-47E0-A507-8CE97A0AB676}.Release|Any CPU.Build.0 = Release|Any CPU
		{59F8D458-EA8F-4745-9B0C-6B33587C3E71}.Debug|Any CPU.ActiveCfg = Debug|Any CPU
		{59F8D458-EA8F-4745-9B0C-6B33587C3E71}.Debug|Any CPU.Build.0 = Debug|Any CPU
		{59F8D458-EA8F-4745-9B0C-6B33587C3E71}.Release|Any CPU.ActiveCfg = Release|Any CPU
		{59F8D458-EA8F-4745-9B0C-6B33587C3E71}.Release|Any CPU.Build.0 = Release|Any CPU
	EndGlobalSection
	GlobalSection(SolutionProperties) = preSolution
		HideSolutionNode = FALSE
	EndGlobalSection
EndGlobal
